Microsoft Visual Studio Solution File, Format Version 12.00
# Visual Studio Version 17
VisualStudioVersion = 17.5.2.0
MinimumVisualStudioVersion = 10.0.40219.1
Project("{FAE04EC0-301F-11D3-BF4B-00C04F79EFBC}") = "exercicio-estrutura-de-dados", "exercicio-estrutura-de-dados.csproj", "{AA276E7A-61A9-2D78-6586-D39A57E49CDF}"
EndProject
Global
	GlobalSection(SolutionConfigurationPlatforms) = preSolution
		Debug|Any CPU = Debug|Any CPU
		Release|Any CPU = Release|Any CPU
	EndGlobalSection
	GlobalSection(ProjectConfigurationPlatforms) = postSolution
		{AA276E7A-61A9-2D78-6586-D39A57E49CDF}.Debug|Any CPU.ActiveCfg = Debug|Any CPU
		{AA276E7A-61A9-2D78-6586-D39A57E49CDF}.Debug|Any CPU.Build.0 = Debug|Any CPU
		{AA276E7A-61A9-2D78-6586-D39A57E49CDF}.Release|Any CPU.ActiveCfg = Release|Any CPU
		{AA276E7A-61A9-2D78-6586-D39A57E49CDF}.Release|Any CPU.Build.0 = Release|Any CPU
	EndGlobalSection
	GlobalSection(SolutionProperties) = preSolution
		HideSolutionNode = FALSE
	EndGlobalSection
	GlobalSection(ExtensibilityGlobals) = postSolution
		SolutionGuid = {AD6059AD-52E8-47ED-9B53-87A9B51FD172}
	EndGlobalSection
EndGlobal
